
Microsoft Visual Studio Solution File, Format Version 12.00
# Visual Studio Version 16
VisualStudioVersion = 16.0.31729.503
MinimumVisualStudioVersion = 10.0.40219.1
Project("{FAE04EC0-301F-11D3-BF4B-00C04F79EFBC}") = "Giraffe", "Giraffe\Giraffe.csproj", "{02A20267-642A-4C4E-A55C-CCB5E73595C6}"
EndProject
Global
	GlobalSection(SolutionConfigurationPlatforms) = preSolution
		Debug|Any CPU = Debug|Any CPU
		Release|Any CPU = Release|Any CPU
	EndGlobalSection
	GlobalSection(ProjectConfigurationPlatforms) = postSolution
		{02A20267-642A-4C4E-A55C-CCB5E73595C6}.Debug|Any CPU.ActiveCfg = Debug|Any CPU
		{02A20267-642A-4C4E-A55C-CCB5E73595C6}.Debug|Any CPU.Build.0 = Debug|Any CPU
		{02A20267-642A-4C4E-A55C-CCB5E73595C6}.Release|Any CPU.ActiveCfg = Release|Any CPU
		{02A20267-642A-4C4E-A55C-CCB5E73595C6}.Release|Any CPU.Build.0 = Release|Any CPU
	EndGlobalSection
	GlobalSection(SolutionProperties) = preSolution
		HideSolutionNode = FALSE
	EndGlobalSection
	GlobalSection(ExtensibilityGlobals) = postSolution
		SolutionGuid = {276CBAA0-AB61-4961-8FA0-B74675664391}
	EndGlobalSection
EndGlobal
