
Microsoft Visual Studio Solution File, Format Version 12.00
# Visual Studio Version 16
VisualStudioVersion = 16.0.31729.503
MinimumVisualStudioVersion = 10.0.40219.1
Project("{FAE04EC0-301F-11D3-BF4B-00C04F79EFBC}") = "bigenner3", "bigenner3\bigenner3.csproj", "{1C78D1E4-5EBE-4CF7-B84E-030BFD80C54D}"
EndProject
Global
	GlobalSection(SolutionConfigurationPlatforms) = preSolution
		Debug|Any CPU = Debug|Any CPU
		Release|Any CPU = Release|Any CPU
	EndGlobalSection
	GlobalSection(ProjectConfigurationPlatforms) = postSolution
		{1C78D1E4-5EBE-4CF7-B84E-030BFD80C54D}.Debug|Any CPU.ActiveCfg = Debug|Any CPU
		{1C78D1E4-5EBE-4CF7-B84E-030BFD80C54D}.Debug|Any CPU.Build.0 = Debug|Any CPU
		{1C78D1E4-5EBE-4CF7-B84E-030BFD80C54D}.Release|Any CPU.ActiveCfg = Release|Any CPU
		{1C78D1E4-5EBE-4CF7-B84E-030BFD80C54D}.Release|Any CPU.Build.0 = Release|Any CPU
	EndGlobalSection
	GlobalSection(SolutionProperties) = preSolution
		HideSolutionNode = FALSE
	EndGlobalSection
	GlobalSection(ExtensibilityGlobals) = postSolution
		SolutionGuid = {C6A31385-DE21-4D47-92A1-AC524F1BC442}
	EndGlobalSection
EndGlobal
