
Microsoft Visual Studio Solution File, Format Version 12.00
# Visual Studio Version 16
VisualStudioVersion = 16.0.31729.503
MinimumVisualStudioVersion = 10.0.40219.1
Project("{FAE04EC0-301F-11D3-BF4B-00C04F79EFBC}") = "OopsSample", "OopsSample\OopsSample.csproj", "{2ED9EC05-6AF5-4DDC-A5C0-44EBF740E5C2}"
EndProject
Global
	GlobalSection(SolutionConfigurationPlatforms) = preSolution
		Debug|Any CPU = Debug|Any CPU
		Release|Any CPU = Release|Any CPU
	EndGlobalSection
	GlobalSection(ProjectConfigurationPlatforms) = postSolution
		{2ED9EC05-6AF5-4DDC-A5C0-44EBF740E5C2}.Debug|Any CPU.ActiveCfg = Debug|Any CPU
		{2ED9EC05-6AF5-4DDC-A5C0-44EBF740E5C2}.Debug|Any CPU.Build.0 = Debug|Any CPU
		{2ED9EC05-6AF5-4DDC-A5C0-44EBF740E5C2}.Release|Any CPU.ActiveCfg = Release|Any CPU
		{2ED9EC05-6AF5-4DDC-A5C0-44EBF740E5C2}.Release|Any CPU.Build.0 = Release|Any CPU
	EndGlobalSection
	GlobalSection(SolutionProperties) = preSolution
		HideSolutionNode = FALSE
	EndGlobalSection
	GlobalSection(ExtensibilityGlobals) = postSolution
		SolutionGuid = {B6BEC16E-C02D-4237-A28D-625E47ABAE55}
	EndGlobalSection
EndGlobal
